# This file is generated by running "yarn install" inside your project.
# Manual changes might be lost - proceed with caution!

__metadata:
  version: 8
  cacheKey: 10c0

"@isaacs/fs-minipass@npm:^4.0.0":
  version: 4.0.1
  resolution: "@isaacs/fs-minipass@npm:4.0.1"
  dependencies:
    minipass: "npm:^7.0.4"
  checksum: 10c0/c25b6dc1598790d5b55c0947a9b7d111cfa92594db5296c3b907e2f533c033666f692a3939eadac17b1c7c40d362d0b0635dc874cbfe3e70db7c2b07cc97a5d2
  languageName: node
  linkType: hard

"PaulGrahamEssays@workspace:.":
  version: 0.0.0-use.local
  resolution: "PaulGrahamEssays@workspace:."
  dependencies:
    supabase: "npm:2.20.5"
  languageName: unknown
  linkType: soft

"agent-base@npm:^7.1.2":
  version: 7.1.3
  resolution: "agent-base@npm:7.1.3"
  checksum: 10c0/6192b580c5b1d8fb399b9c62bf8343d76654c2dd62afcb9a52b2cf44a8b6ace1e3b704d3fe3547d91555c857d3df02603341ff2cb961b9cfe2b12f9f3c38ee11
  languageName: node
  linkType: hard

"bin-links@npm:^5.0.0":
  version: 5.0.0
  resolution: "bin-links@npm:5.0.0"
  dependencies:
    cmd-shim: "npm:^7.0.0"
    npm-normalize-package-bin: "npm:^4.0.0"
    proc-log: "npm:^5.0.0"
    read-cmd-shim: "npm:^5.0.0"
    write-file-atomic: "npm:^6.0.0"
  checksum: 10c0/7ef087164b13df1810bf087146880a5d43d7d0beb95c51ec0664224f9371e1ca0de70c813306de6de173fb1a3fd0ca49e636ba80c951a70ce6bd7cbf48daf075
  languageName: node
  linkType: hard

"chownr@npm:^3.0.0":
  version: 3.0.0
  resolution: "chownr@npm:3.0.0"
  checksum: 10c0/43925b87700f7e3893296c8e9c56cc58f926411cce3a6e5898136daaf08f08b9a8eb76d37d3267e707d0dcc17aed2e2ebdf5848c0c3ce95cf910a919935c1b10
  languageName: node
  linkType: hard

"cmd-shim@npm:^7.0.0":
  version: 7.0.0
  resolution: "cmd-shim@npm:7.0.0"
  checksum: 10c0/f2a14eccea9d29ac39f5182b416af60b2d4ad13ef96c541580175a394c63192aeaa53a3edfc73c7f988685574623465304b80c417dde4049d6ad7370a78dc792
  languageName: node
  linkType: hard

"data-uri-to-buffer@npm:^4.0.0":
  version: 4.0.1
  resolution: "data-uri-to-buffer@npm:4.0.1"
  checksum: 10c0/20a6b93107597530d71d4cb285acee17f66bcdfc03fd81040921a81252f19db27588d87fc8fc69e1950c55cfb0bf8ae40d0e5e21d907230813eb5d5a7f9eb45b
  languageName: node
  linkType: hard

"debug@npm:4":
  version: 4.4.0
  resolution: "debug@npm:4.4.0"
  dependencies:
    ms: "npm:^2.1.3"
  peerDependenciesMeta:
    supports-color:
      optional: true
  checksum: 10c0/db94f1a182bf886f57b4755f85b3a74c39b5114b9377b7ab375dc2cfa3454f09490cc6c30f829df3fc8042bc8b8995f6567ce5cd96f3bc3688bd24027197d9de
  languageName: node
  linkType: hard

"fetch-blob@npm:^3.1.2, fetch-blob@npm:^3.1.4":
  version: 3.2.0
  resolution: "fetch-blob@npm:3.2.0"
  dependencies:
    node-domexception: "npm:^1.0.0"
    web-streams-polyfill: "npm:^3.0.3"
  checksum: 10c0/60054bf47bfa10fb0ba6cb7742acec2f37c1f56344f79a70bb8b1c48d77675927c720ff3191fa546410a0442c998d27ab05e9144c32d530d8a52fbe68f843b69
  languageName: node
  linkType: hard

"formdata-polyfill@npm:^4.0.10":
  version: 4.0.10
  resolution: "formdata-polyfill@npm:4.0.10"
  dependencies:
    fetch-blob: "npm:^3.1.2"
  checksum: 10c0/5392ec484f9ce0d5e0d52fb5a78e7486637d516179b0eb84d81389d7eccf9ca2f663079da56f761355c0a65792810e3b345dc24db9a8bbbcf24ef3c8c88570c6
  languageName: node
  linkType: hard

"https-proxy-agent@npm:^7.0.2":
  version: 7.0.6
  resolution: "https-proxy-agent@npm:7.0.6"
  dependencies:
    agent-base: "npm:^7.1.2"
    debug: "npm:4"
  checksum: 10c0/f729219bc735edb621fa30e6e84e60ee5d00802b8247aac0d7b79b0bd6d4b3294737a337b93b86a0bd9e68099d031858a39260c976dc14cdbba238ba1f8779ac
  languageName: node
  linkType: hard

"imurmurhash@npm:^0.1.4":
  version: 0.1.4
  resolution: "imurmurhash@npm:0.1.4"
  checksum: 10c0/8b51313850dd33605c6c9d3fd9638b714f4c4c40250cff658209f30d40da60f78992fb2df5dabee4acf589a6a82bbc79ad5486550754bd9ec4e3fc0d4a57d6a6
  languageName: node
  linkType: hard

"minipass@npm:^7.0.4, minipass@npm:^7.1.2":
  version: 7.1.2
  resolution: "minipass@npm:7.1.2"
  checksum: 10c0/b0fd20bb9fb56e5fa9a8bfac539e8915ae07430a619e4b86ff71f5fc757ef3924b23b2c4230393af1eda647ed3d75739e4e0acb250a6b1eb277cf7f8fe449557
  languageName: node
  linkType: hard

"minizlib@npm:^3.0.1":
  version: 3.0.2
  resolution: "minizlib@npm:3.0.2"
  dependencies:
    minipass: "npm:^7.1.2"
  checksum: 10c0/9f3bd35e41d40d02469cb30470c55ccc21cae0db40e08d1d0b1dff01cc8cc89a6f78e9c5d2b7c844e485ec0a8abc2238111213fdc5b2038e6d1012eacf316f78
  languageName: node
  linkType: hard

"mkdirp@npm:^3.0.1":
  version: 3.0.1
  resolution: "mkdirp@npm:3.0.1"
  bin:
    mkdirp: dist/cjs/src/bin.js
  checksum: 10c0/9f2b975e9246351f5e3a40dcfac99fcd0baa31fbfab615fe059fb11e51f10e4803c63de1f384c54d656e4db31d000e4767e9ef076a22e12a641357602e31d57d
  languageName: node
  linkType: hard

"ms@npm:^2.1.3":
  version: 2.1.3
  resolution: "ms@npm:2.1.3"
  checksum: 10c0/d924b57e7312b3b63ad21fc5b3dc0af5e78d61a1fc7cfb5457edaf26326bf62be5307cc87ffb6862ef1c2b33b0233cdb5d4f01c4c958cc0d660948b65a287a48
  languageName: node
  linkType: hard

"node-domexception@npm:^1.0.0":
  version: 1.0.0
  resolution: "node-domexception@npm:1.0.0"
  checksum: 10c0/5e5d63cda29856402df9472335af4bb13875e1927ad3be861dc5ebde38917aecbf9ae337923777af52a48c426b70148815e890a5d72760f1b4d758cc671b1a2b
  languageName: node
  linkType: hard

"node-fetch@npm:^3.3.2":
  version: 3.3.2
  resolution: "node-fetch@npm:3.3.2"
  dependencies:
    data-uri-to-buffer: "npm:^4.0.0"
    fetch-blob: "npm:^3.1.4"
    formdata-polyfill: "npm:^4.0.10"
  checksum: 10c0/f3d5e56190562221398c9f5750198b34cf6113aa304e34ee97c94fd300ec578b25b2c2906edba922050fce983338fde0d5d34fcb0fc3336ade5bd0e429ad7538
  languageName: node
  linkType: hard

"npm-normalize-package-bin@npm:^4.0.0":
  version: 4.0.0
  resolution: "npm-normalize-package-bin@npm:4.0.0"
  checksum: 10c0/1fa546fcae8eaab61ef9b9ec237b6c795008da50e1883eae030e9e38bb04ffa32c5aabcef9a0400eae3dc1f91809bcfa85e437ce80d677c69b419d1d9cacf0ab
  languageName: node
  linkType: hard

"proc-log@npm:^5.0.0":
  version: 5.0.0
  resolution: "proc-log@npm:5.0.0"
  checksum: 10c0/bbe5edb944b0ad63387a1d5b1911ae93e05ce8d0f60de1035b218cdcceedfe39dbd2c697853355b70f1a090f8f58fe90da487c85216bf9671f9499d1a897e9e3
  languageName: node
  linkType: hard

"read-cmd-shim@npm:^5.0.0":
  version: 5.0.0
  resolution: "read-cmd-shim@npm:5.0.0"
  checksum: 10c0/5688aea2742d928575a1dd87ee0ce691f57b344935fe87d6460067951e7a3bb3677501513316785e1e9ea43b0bb1635eacba3b00b81ad158f9b23512f1de26d2
  languageName: node
  linkType: hard

"signal-exit@npm:^4.0.1":
  version: 4.1.0
  resolution: "signal-exit@npm:4.1.0"
  checksum: 10c0/41602dce540e46d599edba9d9860193398d135f7ff72cab629db5171516cfae628d21e7bfccde1bbfdf11c48726bc2a6d1a8fb8701125852fbfda7cf19c6aa83
  languageName: node
  linkType: hard

"supabase@npm:2.20.5":
  version: 2.20.5
  resolution: "supabase@npm:2.20.5"
  dependencies:
    bin-links: "npm:^5.0.0"
    https-proxy-agent: "npm:^7.0.2"
    node-fetch: "npm:^3.3.2"
    tar: "npm:7.4.3"
  bin:
    supabase: bin/supabase
  checksum: 10c0/9ef1bb6b3eafc0f4b0e944f4952e6eb7a810a984c80b99bbfcd23dc23516e2e5c3f9b003f07ea7ddd2ac0e690b35859de86a68effe3dc6e90ce2014128c28d1e
  languageName: node
  linkType: hard

"tar@npm:7.4.3":
  version: 7.4.3
  resolution: "tar@npm:7.4.3"
  dependencies:
    "@isaacs/fs-minipass": "npm:^4.0.0"
    chownr: "npm:^3.0.0"
    minipass: "npm:^7.1.2"
    minizlib: "npm:^3.0.1"
    mkdirp: "npm:^3.0.1"
    yallist: "npm:^5.0.0"
  checksum: 10c0/d4679609bb2a9b48eeaf84632b6d844128d2412b95b6de07d53d8ee8baf4ca0857c9331dfa510390a0727b550fd543d4d1a10995ad86cdf078423fbb8d99831d
  languageName: node
  linkType: hard

"web-streams-polyfill@npm:^3.0.3":
  version: 3.3.3
  resolution: "web-streams-polyfill@npm:3.3.3"
  checksum: 10c0/64e855c47f6c8330b5436147db1c75cb7e7474d924166800e8e2aab5eb6c76aac4981a84261dd2982b3e754490900b99791c80ae1407a9fa0dcff74f82ea3a7f
  languageName: node
  linkType: hard

"write-file-atomic@npm:^6.0.0":
  version: 6.0.0
  resolution: "write-file-atomic@npm:6.0.0"
  dependencies:
    imurmurhash: "npm:^0.1.4"
    signal-exit: "npm:^4.0.1"
  checksum: 10c0/ae2f1c27474758a9aca92037df6c1dd9cb94c4e4983451210bd686bfe341f142662f6aa5913095e572ab037df66b1bfe661ed4ce4c0369ed0e8219e28e141786
  languageName: node
  linkType: hard

"yallist@npm:^5.0.0":
  version: 5.0.0
  resolution: "yallist@npm:5.0.0"
  checksum: 10c0/a499c81ce6d4a1d260d4ea0f6d49ab4da09681e32c3f0472dee16667ed69d01dae63a3b81745a24bd78476ec4fcf856114cb4896ace738e01da34b2c42235416
  languageName: node
  linkType: hard
